
Microsoft Visual Studio Solution File, Format Version 12.00
Project("{FAE04EC0-301F-11D3-BF4B-00C04F79EFBC}") = "ConsoleApp1", "ConsoleApp1\ConsoleApp1.csproj", "{47F2E999-A806-4BCB-BAB3-A44AA48F4615}"
EndProject
Global
	GlobalSection(SolutionConfigurationPlatforms) = preSolution
		Debug|Any CPU = Debug|Any CPU
		Release|Any CPU = Release|Any CPU
	EndGlobalSection
	GlobalSection(ProjectConfigurationPlatforms) = postSolution
		{47F2E999-A806-4BCB-BAB3-A44AA48F4615}.Debug|Any CPU.ActiveCfg = Debug|Any CPU
		{47F2E999-A806-4BCB-BAB3-A44AA48F4615}.Debug|Any CPU.Build.0 = Debug|Any CPU
		{47F2E999-A806-4BCB-BAB3-A44AA48F4615}.Release|Any CPU.ActiveCfg = Release|Any CPU
		{47F2E999-A806-4BCB-BAB3-A44AA48F4615}.Release|Any CPU.Build.0 = Release|Any CPU
	EndGlobalSection
EndGlobal
